// !$*UTF8*$!
{
	archiveVersion = 1;
	classes = {
	};
	objectVersion = 50;
	objects = {

/* Begin PBXBuildFile section */
		42890A8121596B22007F228A /* AppDelegate.swift in Sources */ = {isa = PBXBuildFile; fileRef = 42890A8021596B22007F228A /* AppDelegate.swift */; };
		42890A8621596B22007F228A /* Main.storyboard in Resources */ = {isa = PBXBuildFile; fileRef = 42890A8421596B22007F228A /* Main.storyboard */; };
		42890A8821596B24007F228A /* Assets.xcassets in Resources */ = {isa = PBXBuildFile; fileRef = 42890A8721596B24007F228A /* Assets.xcassets */; };
		42890A8B21596B24007F228A /* LaunchScreen.storyboard in Resources */ = {isa = PBXBuildFile; fileRef = 42890A8921596B24007F228A /* LaunchScreen.storyboard */; };
		42890A9621596B24007F228A /* City_FinderTests.swift in Sources */ = {isa = PBXBuildFile; fileRef = 42890A9521596B24007F228A /* City_FinderTests.swift */; };
		42890AA121596B24007F228A /* City_FinderUITests.swift in Sources */ = {isa = PBXBuildFile; fileRef = 42890AA021596B24007F228A /* City_FinderUITests.swift */; };
		42890AAF21596C0A007F228A /* CityListViewController.swift in Sources */ = {isa = PBXBuildFile; fileRef = 42890AAE21596C0A007F228A /* CityListViewController.swift */; };
		42890AB121596C46007F228A /* cities.json in Resources */ = {isa = PBXBuildFile; fileRef = 42890AB021596C46007F228A /* cities.json */; };
		42890AB321596CEB007F228A /* City.swift in Sources */ = {isa = PBXBuildFile; fileRef = 42890AB221596CEB007F228A /* City.swift */; };
/* End PBXBuildFile section */

/* Begin PBXContainerItemProxy section */
		42890A9221596B24007F228A /* PBXContainerItemProxy */ = {
			isa = PBXContainerItemProxy;
			containerPortal = 42890A7521596B22007F228A /* Project object */;
			proxyType = 1;
			remoteGlobalIDString = 42890A7C21596B22007F228A;
			remoteInfo = "City Finder";
		};
		42890A9D21596B24007F228A /* PBXContainerItemProxy */ = {
			isa = PBXContainerItemProxy;
			containerPortal = 42890A7521596B22007F228A /* Project object */;
			proxyType = 1;
			remoteGlobalIDString = 42890A7C21596B22007F228A;
			remoteInfo = "City Finder";
		};
/* End PBXContainerItemProxy section */

/* Begin PBXFileReference section */
		42890A7D21596B22007F228A /* City Finder.app */ = {isa = PBXFileReference; explicitFileType = wrapper.application; includeInIndex = 0; path = "City Finder.app"; sourceTree = BUILT_PRODUCTS_DIR; };
		42890A8021596B22007F228A /* AppDelegate.swift */ = {isa = PBXFileReference; lastKnownFileType = sourcecode.swift; path = AppDelegate.swift; sourceTree = "<group>"; };
		42890A8521596B22007F228A /* Base */ = {isa = PBXFileReference; lastKnownFileType = file.storyboard; name = Base; path = Base.lproj/Main.storyboard; sourceTree = "<group>"; };
		42890A8721596B24007F228A /* Assets.xcassets */ = {isa = PBXFileReference; lastKnownFileType = folder.assetcatalog; path = Assets.xcassets; sourceTree = "<group>"; };
		42890A8A21596B24007F228A /* Base */ = {isa = PBXFileReference; lastKnownFileType = file.storyboard; name = Base; path = Base.lproj/LaunchScreen.storyboard; sourceTree = "<group>"; };
		42890A8C21596B24007F228A /* Info.plist */ = {isa = PBXFileReference; lastKnownFileType = text.plist.xml; path = Info.plist; sourceTree = "<group>"; };
		42890A9121596B24007F228A /* City FinderTests.xctest */ = {isa = PBXFileReference; explicitFileType = wrapper.cfbundle; includeInIndex = 0; path = "City FinderTests.xctest"; sourceTree = BUILT_PRODUCTS_DIR; };
		42890A9521596B24007F228A /* City_FinderTests.swift */ = {isa = PBXFileReference; lastKnownFileType = sourcecode.swift; path = City_FinderTests.swift; sourceTree = "<group>"; };
		42890A9721596B24007F228A /* Info.plist */ = {isa = PBXFileReference; lastKnownFileType = text.plist.xml; path = Info.plist; sourceTree = "<group>"; };
		42890A9C21596B24007F228A /* City FinderUITests.xctest */ = {isa = PBXFileReference; explicitFileType = wrapper.cfbundle; includeInIndex = 0; path = "City FinderUITests.xctest"; sourceTree = BUILT_PRODUCTS_DIR; };
		42890AA021596B24007F228A /* City_FinderUITests.swift */ = {isa = PBXFileReference; lastKnownFileType = sourcecode.swift; path = City_FinderUITests.swift; sourceTree = "<group>"; };
		42890AA221596B24007F228A /* Info.plist */ = {isa = PBXFileReference; lastKnownFileType = text.plist.xml; path = Info.plist; sourceTree = "<group>"; };
		42890AAE21596C0A007F228A /* CityListViewController.swift */ = {isa = PBXFileReference; lastKnownFileType = sourcecode.swift; path = CityListViewController.swift; sourceTree = "<group>"; };
		42890AB021596C46007F228A /* cities.json */ = {isa = PBXFileReference; fileEncoding = 4; lastKnownFileType = text.json; path = cities.json; sourceTree = "<group>"; };
		42890AB221596CEB007F228A /* City.swift */ = {isa = PBXFileReference; fileEncoding = 4; lastKnownFileType = sourcecode.swift; path = City.swift; sourceTree = "<group>"; };
/* End PBXFileReference section */

/* Begin PBXFrameworksBuildPhase section */
		42890A7A21596B22007F228A /* Frameworks */ = {
			isa = PBXFrameworksBuildPhase;
			buildActionMask = 2147483647;
			files = (
			);
			runOnlyForDeploymentPostprocessing = 0;
		};
		42890A8E21596B24007F228A /* Frameworks */ = {
			isa = PBXFrameworksBuildPhase;
			buildActionMask = 2147483647;
			files = (
			);
			runOnlyForDeploymentPostprocessing = 0;
		};
		42890A9921596B24007F228A /* Frameworks */ = {
			isa = PBXFrameworksBuildPhase;
			buildActionMask = 2147483647;
			files = (
			);
			runOnlyForDeploymentPostprocessing = 0;
		};
/* End PBXFrameworksBuildPhase section */

/* Begin PBXGroup section */
		42890A7421596B22007F228A = {
			isa = PBXGroup;
			children = (
				42890A7F21596B22007F228A /* City Finder */,
				42890A9421596B24007F228A /* City FinderTests */,
				42890A9F21596B24007F228A /* City FinderUITests */,
				42890A7E21596B22007F228A /* Products */,
			);
			sourceTree = "<group>";
		};
		42890A7E21596B22007F228A /* Products */ = {
			isa = PBXGroup;
			children = (
				42890A7D21596B22007F228A /* City Finder.app */,
				42890A9121596B24007F228A /* City FinderTests.xctest */,
				42890A9C21596B24007F228A /* City FinderUITests.xctest */,
			);
			name = Products;
			sourceTree = "<group>";
		};
		42890A7F21596B22007F228A /* City Finder */ = {
			isa = PBXGroup;
			children = (
				42890AB62159715B007F228A /* Configuration */,
				42890AB521597146007F228A /* Resources */,
				42890AB42159712B007F228A /* Cities list */,
			);
			path = "City Finder";
			sourceTree = "<group>";
		};
		42890A9421596B24007F228A /* City FinderTests */ = {
			isa = PBXGroup;
			children = (
				42890A9521596B24007F228A /* City_FinderTests.swift */,
				42890A9721596B24007F228A /* Info.plist */,
			);
			path = "City FinderTests";
			sourceTree = "<group>";
		};
		42890A9F21596B24007F228A /* City FinderUITests */ = {
			isa = PBXGroup;
			children = (
				42890AA021596B24007F228A /* City_FinderUITests.swift */,
				42890AA221596B24007F228A /* Info.plist */,
			);
			path = "City FinderUITests";
			sourceTree = "<group>";
		};
		42890AB42159712B007F228A /* Cities list */ = {
			isa = PBXGroup;
			children = (
				42890A8921596B24007F228A /* LaunchScreen.storyboard */,
				42890A8421596B22007F228A /* Main.storyboard */,
				42890AAE21596C0A007F228A /* CityListViewController.swift */,
				42890AB221596CEB007F228A /* City.swift */,
			);
			path = "Cities list";
			sourceTree = "<group>";
		};
		42890AB521597146007F228A /* Resources */ = {
			isa = PBXGroup;
			children = (
				42890A8721596B24007F228A /* Assets.xcassets */,
				42890AB021596C46007F228A /* cities.json */,
			);
			path = Resources;
			sourceTree = "<group>";
		};
		42890AB62159715B007F228A /* Configuration */ = {
			isa = PBXGroup;
			children = (
				42890A8C21596B24007F228A /* Info.plist */,
				42890A8021596B22007F228A /* AppDelegate.swift */,
			);
			path = Configuration;
			sourceTree = "<group>";
		};
/* End PBXGroup section */

/* Begin PBXNativeTarget section */
		42890A7C21596B22007F228A /* City Finder */ = {
			isa = PBXNativeTarget;
			buildConfigurationList = 42890AA521596B24007F228A /* Build configuration list for PBXNativeTarget "City Finder" */;
			buildPhases = (
				42890A7921596B22007F228A /* Sources */,
				42890A7A21596B22007F228A /* Frameworks */,
				42890A7B21596B22007F228A /* Resources */,
			);
			buildRules = (
			);
			dependencies = (
			);
			name = "City Finder";
			productName = "City Finder";
			productReference = 42890A7D21596B22007F228A /* City Finder.app */;
			productType = "com.apple.product-type.application";
		};
		42890A9021596B24007F228A /* City FinderTests */ = {
			isa = PBXNativeTarget;
			buildConfigurationList = 42890AA821596B24007F228A /* Build configuration list for PBXNativeTarget "City FinderTests" */;
			buildPhases = (
				42890A8D21596B24007F228A /* Sources */,
				42890A8E21596B24007F228A /* Frameworks */,
				42890A8F21596B24007F228A /* Resources */,
			);
			buildRules = (
			);
			dependencies = (
				42890A9321596B24007F228A /* PBXTargetDependency */,
			);
			name = "City FinderTests";
			productName = "City FinderTests";
			productReference = 42890A9121596B24007F228A /* City FinderTests.xctest */;
			productType = "com.apple.product-type.bundle.unit-test";
		};
		42890A9B21596B24007F228A /* City FinderUITests */ = {
			isa = PBXNativeTarget;
			buildConfigurationList = 42890AAB21596B24007F228A /* Build configuration list for PBXNativeTarget "City FinderUITests" */;
			buildPhases = (
				42890A9821596B24007F228A /* Sources */,
				42890A9921596B24007F228A /* Frameworks */,
				42890A9A21596B24007F228A /* Resources */,
			);
			buildRules = (
			);
			dependencies = (
				42890A9E21596B24007F228A /* PBXTargetDependency */,
			);
			name = "City FinderUITests";
			productName = "City FinderUITests";
			productReference = 42890A9C21596B24007F228A /* City FinderUITests.xctest */;
			productType = "com.apple.product-type.bundle.ui-testing";
		};
/* End PBXNativeTarget section */

/* Begin PBXProject section */
		42890A7521596B22007F228A /* Project object */ = {
			isa = PBXProject;
			attributes = {
				LastSwiftUpdateCheck = 1000;
				LastUpgradeCheck = 1000;
				ORGANIZATIONNAME = "Attia Mo";
				TargetAttributes = {
					42890A7C21596B22007F228A = {
						CreatedOnToolsVersion = 10.0;
					};
					42890A9021596B24007F228A = {
						CreatedOnToolsVersion = 10.0;
						TestTargetID = 42890A7C21596B22007F228A;
					};
					42890A9B21596B24007F228A = {
						CreatedOnToolsVersion = 10.0;
						TestTargetID = 42890A7C21596B22007F228A;
					};
				};
			};
			buildConfigurationList = 42890A7821596B22007F228A /* Build configuration list for PBXProject "City Finder" */;
			compatibilityVersion = "Xcode 9.3";
			developmentRegion = en;
			hasScannedForEncodings = 0;
			knownRegions = (
				en,
				Base,
			);
			mainGroup = 42890A7421596B22007F228A;
			productRefGroup = 42890A7E21596B22007F228A /* Products */;
			projectDirPath = "";
			projectRoot = "";
			targets = (
				42890A7C21596B22007F228A /* City Finder */,
				42890A9021596B24007F228A /* City FinderTests */,
				42890A9B21596B24007F228A /* City FinderUITests */,
			);
		};
/* End PBXProject section */

/* Begin PBXResourcesBuildPhase section */
		42890A7B21596B22007F228A /* Resources */ = {
			isa = PBXResourcesBuildPhase;
			buildActionMask = 2147483647;
			files = (
				42890AB121596C46007F228A /* cities.json in Resources */,
				42890A8B21596B24007F228A /* LaunchScreen.storyboard in Resources */,
				42890A8821596B24007F228A /* Assets.xcassets in Resources */,
				42890A8621596B22007F228A /* Main.storyboard in Resources */,
			);
			runOnlyForDeploymentPostprocessing = 0;
		};
		42890A8F21596B24007F228A /* Resources */ = {
			isa = PBXResourcesBuildPhase;
			buildActionMask = 2147483647;
			files = (
			);
			runOnlyForDeploymentPostprocessing = 0;
		};
		42890A9A21596B24007F228A /* Resources */ = {
			isa = PBXResourcesBuildPhase;
			buildActionMask = 2147483647;
			files = (
			);
			runOnlyForDeploymentPostprocessing = 0;
		};
/* End PBXResourcesBuildPhase section */

/* Begin PBXSourcesBuildPhase section */
		42890A7921596B22007F228A /* Sources */ = {
			isa = PBXSourcesBuildPhase;
			buildActionMask = 2147483647;
			files = (
				42890A8121596B22007F228A /* AppDelegate.swift in Sources */,
				42890AAF21596C0A007F228A /* CityListViewController.swift in Sources */,
				42890AB321596CEB007F228A /* City.swift in Sources */,
			);
			runOnlyForDeploymentPostprocessing = 0;
		};
		42890A8D21596B24007F228A /* Sources */ = {
			isa = PBXSourcesBuildPhase;
			buildActionMask = 2147483647;
			files = (
				42890A9621596B24007F228A /* City_FinderTests.swift in Sources */,
			);
			runOnlyForDeploymentPostprocessing = 0;
		};
		42890A9821596B24007F228A /* Sources */ = {
			isa = PBXSourcesBuildPhase;
			buildActionMask = 2147483647;
			files = (
				42890AA121596B24007F228A /* City_FinderUITests.swift in Sources */,
			);
			runOnlyForDeploymentPostprocessing = 0;
		};
/* End PBXSourcesBuildPhase section */

/* Begin PBXTargetDependency section */
		42890A9321596B24007F228A /* PBXTargetDependency */ = {
			isa = PBXTargetDependency;
			target = 42890A7C21596B22007F228A /* City Finder */;
			targetProxy = 42890A9221596B24007F228A /* PBXContainerItemProxy */;
		};
		42890A9E21596B24007F228A /* PBXTargetDependency */ = {
			isa = PBXTargetDependency;
			target = 42890A7C21596B22007F228A /* City Finder */;
			targetProxy = 42890A9D21596B24007F228A /* PBXContainerItemProxy */;
		};
/* End PBXTargetDependency section */

/* Begin PBXVariantGroup section */
		42890A8421596B22007F228A /* Main.storyboard */ = {
			isa = PBXVariantGroup;
			children = (
				42890A8521596B22007F228A /* Base */,
			);
			name = Main.storyboard;
			sourceTree = "<group>";
		};
		42890A8921596B24007F228A /* LaunchScreen.storyboard */ = {
			isa = PBXVariantGroup;
			children = (
				42890A8A21596B24007F228A /* Base */,
			);
			name = LaunchScreen.storyboard;
			sourceTree = "<group>";
		};
/* End PBXVariantGroup section */

/* Begin XCBuildConfiguration section */
		42890AA321596B24007F228A /* Debug */ = {
			isa = XCBuildConfiguration;
			buildSettings = {
				ALWAYS_SEARCH_USER_PATHS = NO;
				CLANG_ANALYZER_NONNULL = YES;
				CLANG_ANALYZER_NUMBER_OBJECT_CONVERSION = YES_AGGRESSIVE;
				CLANG_CXX_LANGUAGE_STANDARD = "gnu++14";
				CLANG_CXX_LIBRARY = "libc++";
				CLANG_ENABLE_MODULES = YES;
				CLANG_ENABLE_OBJC_ARC = YES;
				CLANG_ENABLE_OBJC_WEAK = YES;
				CLANG_WARN_BLOCK_CAPTURE_AUTORELEASING = YES;
				CLANG_WARN_BOOL_CONVERSION = YES;
				CLANG_WARN_COMMA = YES;
				CLANG_WARN_CONSTANT_CONVERSION = YES;
				CLANG_WARN_DEPRECATED_OBJC_IMPLEMENTATIONS = YES;
				CLANG_WARN_DIRECT_OBJC_ISA_USAGE = YES_ERROR;
				CLANG_WARN_DOCUMENTATION_COMMENTS = YES;
				CLANG_WARN_EMPTY_BODY = YES;
				CLANG_WARN_ENUM_CONVERSION = YES;
				CLANG_WARN_INFINITE_RECURSION = YES;
				CLANG_WARN_INT_CONVERSION = YES;
				CLANG_WARN_NON_LITERAL_NULL_CONVERSION = YES;
				CLANG_WARN_OBJC_IMPLICIT_RETAIN_SELF = YES;
				CLANG_WARN_OBJC_LITERAL_CONVERSION = YES;
				CLANG_WARN_OBJC_ROOT_CLASS = YES_ERROR;
				CLANG_WARN_RANGE_LOOP_ANALYSIS = YES;
				CLANG_WARN_STRICT_PROTOTYPES = YES;
				CLANG_WARN_SUSPICIOUS_MOVE = YES;
				CLANG_WARN_UNGUARDED_AVAILABILITY = YES_AGGRESSIVE;
				CLANG_WARN_UNREACHABLE_CODE = YES;
				CLANG_WARN__DUPLICATE_METHOD_MATCH = YES;
				CODE_SIGN_IDENTITY = "iPhone Developer";
				COPY_PHASE_STRIP = NO;
				DEBUG_INFORMATION_FORMAT = dwarf;
				ENABLE_STRICT_OBJC_MSGSEND = YES;
				ENABLE_TESTABILITY = YES;
				GCC_C_LANGUAGE_STANDARD = gnu11;
				GCC_DYNAMIC_NO_PIC = NO;
				GCC_NO_COMMON_BLOCKS = YES;
				GCC_OPTIMIZATION_LEVEL = 0;
				GCC_PREPROCESSOR_DEFINITIONS = (
					"DEBUG=1",
					"$(inherited)",
				);
				GCC_WARN_64_TO_32_BIT_CONVERSION = YES;
				GCC_WARN_ABOUT_RETURN_TYPE = YES_ERROR;
				GCC_WARN_UNDECLARED_SELECTOR = YES;
				GCC_WARN_UNINITIALIZED_AUTOS = YES_AGGRESSIVE;
				GCC_WARN_UNUSED_FUNCTION = YES;
				GCC_WARN_UNUSED_VARIABLE = YES;
				IPHONEOS_DEPLOYMENT_TARGET = 12.0;
				MTL_ENABLE_DEBUG_INFO = INCLUDE_SOURCE;
				MTL_FAST_MATH = YES;
				ONLY_ACTIVE_ARCH = YES;
				SDKROOT = iphoneos;
				SWIFT_ACTIVE_COMPILATION_CONDITIONS = DEBUG;
				SWIFT_OPTIMIZATION_LEVEL = "-Onone";
			};
			name = Debug;
		};
		42890AA421596B24007F228A /* Release */ = {
			isa = XCBuildConfiguration;
			buildSettings = {
				ALWAYS_SEARCH_USER_PATHS = NO;
				CLANG_ANALYZER_NONNULL = YES;
				CLANG_ANALYZER_NUMBER_OBJECT_CONVERSION = YES_AGGRESSIVE;
				CLANG_CXX_LANGUAGE_STANDARD = "gnu++14";
				CLANG_CXX_LIBRARY = "libc++";
				CLANG_ENABLE_MODULES = YES;
				CLANG_ENABLE_OBJC_ARC = YES;
				CLANG_ENABLE_OBJC_WEAK = YES;
				CLANG_WARN_BLOCK_CAPTURE_AUTORELEASING = YES;
				CLANG_WARN_BOOL_CONVERSION = YES;
				CLANG_WARN_COMMA = YES;
				CLANG_WARN_CONSTANT_CONVERSION = YES;
				CLANG_WARN_DEPRECATED_OBJC_IMPLEMENTATIONS = YES;
				CLANG_WARN_DIRECT_OBJC_ISA_USAGE = YES_ERROR;
				CLANG_WARN_DOCUMENTATION_COMMENTS = YES;
				CLANG_WARN_EMPTY_BODY = YES;
				CLANG_WARN_ENUM_CONVERSION = YES;
				CLANG_WARN_INFINITE_RECURSION = YES;
				CLANG_WARN_INT_CONVERSION = YES;
				CLANG_WARN_NON_LITERAL_NULL_CONVERSION = YES;
				CLANG_WARN_OBJC_IMPLICIT_RETAIN_SELF = YES;
				CLANG_WARN_OBJC_LITERAL_CONVERSION = YES;
				CLANG_WARN_OBJC_ROOT_CLASS = YES_ERROR;
				CLANG_WARN_RANGE_LOOP_ANALYSIS = YES;
				CLANG_WARN_STRICT_PROTOTYPES = YES;
				CLANG_WARN_SUSPICIOUS_MOVE = YES;
				CLANG_WARN_UNGUARDED_AVAILABILITY = YES_AGGRESSIVE;
				CLANG_WARN_UNREACHABLE_CODE = YES;
				CLANG_WARN__DUPLICATE_METHOD_MATCH = YES;
				CODE_SIGN_IDENTITY = "iPhone Developer";
				COPY_PHASE_STRIP = NO;
				DEBUG_INFORMATION_FORMAT = "dwarf-with-dsym";
				ENABLE_NS_ASSERTIONS = NO;
				ENABLE_STRICT_OBJC_MSGSEND = YES;
				GCC_C_LANGUAGE_STANDARD = gnu11;
				GCC_NO_COMMON_BLOCKS = YES;
				GCC_WARN_64_TO_32_BIT_CONVERSION = YES;
				GCC_WARN_ABOUT_RETURN_TYPE = YES_ERROR;
				GCC_WARN_UNDECLARED_SELECTOR = YES;
				GCC_WARN_UNINITIALIZED_AUTOS = YES_AGGRESSIVE;
				GCC_WARN_UNUSED_FUNCTION = YES;
				GCC_WARN_UNUSED_VARIABLE = YES;
				IPHONEOS_DEPLOYMENT_TARGET = 12.0;
				MTL_ENABLE_DEBUG_INFO = NO;
				MTL_FAST_MATH = YES;
				SDKROOT = iphoneos;
				SWIFT_COMPILATION_MODE = wholemodule;
				SWIFT_OPTIMIZATION_LEVEL = "-O";
				VALIDATE_PRODUCT = YES;
			};
			name = Release;
		};
		42890AA621596B24007F228A /* Debug */ = {
			isa = XCBuildConfiguration;
			buildSettings = {
				ASSETCATALOG_COMPILER_APPICON_NAME = AppIcon;
				CODE_SIGN_STYLE = Automatic;
				DEVELOPMENT_TEAM = UR4F29DJ73;
				INFOPLIST_FILE = "$(SRCROOT)/City Finder/Configuration/Info.plist";
				IPHONEOS_DEPLOYMENT_TARGET = 11.4;
				LD_RUNPATH_SEARCH_PATHS = (
					"$(inherited)",
					"@executable_path/Frameworks",
				);
				PRODUCT_BUNDLE_IDENTIFIER = "Attiamo.City-Finder";
				PRODUCT_NAME = "$(TARGET_NAME)";
				SWIFT_VERSION = 4.2;
				TARGETED_DEVICE_FAMILY = "1,2";
			};
			name = Debug;
		};
		42890AA721596B24007F228A /* Release */ = {
			isa = XCBuildConfiguration;
			buildSettings = {
				ASSETCATALOG_COMPILER_APPICON_NAME = AppIcon;
				CODE_SIGN_STYLE = Automatic;
				DEVELOPMENT_TEAM = UR4F29DJ73;
				INFOPLIST_FILE = "$(SRCROOT)/City Finder/Configuration/Info.plist";
				IPHONEOS_DEPLOYMENT_TARGET = 11.4;
				LD_RUNPATH_SEARCH_PATHS = (
					"$(inherited)",
					"@executable_path/Frameworks",
				);
				PRODUCT_BUNDLE_IDENTIFIER = "Attiamo.City-Finder";
				PRODUCT_NAME = "$(TARGET_NAME)";
				SWIFT_VERSION = 4.2;
				TARGETED_DEVICE_FAMILY = "1,2";
			};
			name = Release;
		};
		42890AA921596B24007F228A /* Debug */ = {
			isa = XCBuildConfiguration;
			buildSettings = {
				ALWAYS_EMBED_SWIFT_STANDARD_LIBRARIES = YES;
				BUNDLE_LOADER = "$(TEST_HOST)";
				CODE_SIGN_STYLE = Automatic;
				DEVELOPMENT_TEAM = UR4F29DJ73;
				INFOPLIST_FILE = "City FinderTests/Info.plist";
				LD_RUNPATH_SEARCH_PATHS = (
					"$(inherited)",
					"@executable_path/Frameworks",
					"@loader_path/Frameworks",
				);
				PRODUCT_BUNDLE_IDENTIFIER = "Attiamo.City-FinderTests";
				PRODUCT_NAME = "$(TARGET_NAME)";
				SWIFT_VERSION = 4.2;
				TARGETED_DEVICE_FAMILY = "1,2";
				TEST_HOST = "$(BUILT_PRODUCTS_DIR)/City Finder.app/City Finder";
			};
			name = Debug;
		};
		42890AAA21596B24007F228A /* Release */ = {
			isa = XCBuildConfiguration;
			buildSettings = {
				ALWAYS_EMBED_SWIFT_STANDARD_LIBRARIES = YES;
				BUNDLE_LOADER = "$(TEST_HOST)";
				CODE_SIGN_STYLE = Automatic;
				DEVELOPMENT_TEAM = UR4F29DJ73;
				INFOPLIST_FILE = "City FinderTests/Info.plist";
				LD_RUNPATH_SEARCH_PATHS = (
					"$(inherited)",
					"@executable_path/Frameworks",
					"@loader_path/Frameworks",
				);
				PRODUCT_BUNDLE_IDENTIFIER = "Attiamo.City-FinderTests";
				PRODUCT_NAME = "$(TARGET_NAME)";
				SWIFT_VERSION = 4.2;
				TARGETED_DEVICE_FAMILY = "1,2";
				TEST_HOST = "$(BUILT_PRODUCTS_DIR)/City Finder.app/City Finder";
			};
			name = Release;
		};
		42890AAC21596B24007F228A /* Debug */ = {
			isa = XCBuildConfiguration;
			buildSettings = {
				ALWAYS_EMBED_SWIFT_STANDARD_LIBRARIES = YES;
				CODE_SIGN_STYLE = Automatic;
				DEVELOPMENT_TEAM = UR4F29DJ73;
				INFOPLIST_FILE = "City FinderUITests/Info.plist";
				LD_RUNPATH_SEARCH_PATHS = (
					"$(inherited)",
					"@executable_path/Frameworks",
					"@loader_path/Frameworks",
				);
				PRODUCT_BUNDLE_IDENTIFIER = "Attiamo.City-FinderUITests";
				PRODUCT_NAME = "$(TARGET_NAME)";
				SWIFT_VERSION = 4.2;
				TARGETED_DEVICE_FAMILY = "1,2";
				TEST_TARGET_NAME = "City Finder";
			};
			name = Debug;
		};
		42890AAD21596B24007F228A /* Release */ = {
			isa = XCBuildConfiguration;
			buildSettings = {
				ALWAYS_EMBED_SWIFT_STANDARD_LIBRARIES = YES;
				CODE_SIGN_STYLE = Automatic;
				DEVELOPMENT_TEAM = UR4F29DJ73;
				INFOPLIST_FILE = "City FinderUITests/Info.plist";
				LD_RUNPATH_SEARCH_PATHS = (
					"$(inherited)",
					"@executable_path/Frameworks",
					"@loader_path/Frameworks",
				);
				PRODUCT_BUNDLE_IDENTIFIER = "Attiamo.City-FinderUITests";
				PRODUCT_NAME = "$(TARGET_NAME)";
				SWIFT_VERSION = 4.2;
				TARGETED_DEVICE_FAMILY = "1,2";
				TEST_TARGET_NAME = "City Finder";
			};
			name = Release;
		};
/* End XCBuildConfiguration section */

/* Begin XCConfigurationList section */
		42890A7821596B22007F228A /* Build configuration list for PBXProject "City Finder" */ = {
			isa = XCConfigurationList;
			buildConfigurations = (
				42890AA321596B24007F228A /* Debug */,
				42890AA421596B24007F228A /* Release */,
			);
			defaultConfigurationIsVisible = 0;
			defaultConfigurationName = Release;
		};
		42890AA521596B24007F228A /* Build configuration list for PBXNativeTarget "City Finder" */ = {
			isa = XCConfigurationList;
			buildConfigurations = (
				42890AA621596B24007F228A /* Debug */,
				42890AA721596B24007F228A /* Release */,
			);
			defaultConfigurationIsVisible = 0;
			defaultConfigurationName = Release;
		};
		42890AA821596B24007F228A /* Build configuration list for PBXNativeTarget "City FinderTests" */ = {
			isa = XCConfigurationList;
			buildConfigurations = (
				42890AA921596B24007F228A /* Debug */,
				42890AAA21596B24007F228A /* Release */,
			);
			defaultConfigurationIsVisible = 0;
			defaultConfigurationName = Release;
		};
		42890AAB21596B24007F228A /* Build configuration list for PBXNativeTarget "City FinderUITests" */ = {
			isa = XCConfigurationList;
			buildConfigurations = (
				42890AAC21596B24007F228A /* Debug */,
				42890AAD21596B24007F228A /* Release */,
			);
			defaultConfigurationIsVisible = 0;
			defaultConfigurationName = Release;
		};
/* End XCConfigurationList section */
	};
	rootObject = 42890A7521596B22007F228A /* Project object */;
}
